// !$*UTF8*$!
{
	archiveVersion = 1;
	classes = {
	};
	objectVersion = 46;
	objects = {

/* Begin PBXBuildFile section */
		16E207C21AC3BD3400FB77ED /* Images.xcassets in Resources */ = {isa = PBXBuildFile; fileRef = 16E207C11AC3BD3400FB77ED /* Images.xcassets */; };
		16E207D11AC3BD3400FB77ED /* Tip_Calculator_CodePathTests.swift in Sources */ = {isa = PBXBuildFile; fileRef = 16E207D01AC3BD3400FB77ED /* Tip_Calculator_CodePathTests.swift */; };
		16E207E01AC3BD6200FB77ED /* AppDelegate.swift in Sources */ = {isa = PBXBuildFile; fileRef = 16E207DB1AC3BD6200FB77ED /* AppDelegate.swift */; };
		16E207E11AC3BD6200FB77ED /* CustomSegue.swift in Sources */ = {isa = PBXBuildFile; fileRef = 16E207DC1AC3BD6200FB77ED /* CustomSegue.swift */; };
		16E207E21AC3BD6200FB77ED /* ResultViewController.swift in Sources */ = {isa = PBXBuildFile; fileRef = 16E207DD1AC3BD6200FB77ED /* ResultViewController.swift */; };
		16E207E31AC3BD6200FB77ED /* SettingsViewController.swift in Sources */ = {isa = PBXBuildFile; fileRef = 16E207DE1AC3BD6200FB77ED /* SettingsViewController.swift */; };
		16E207E41AC3BD6200FB77ED /* ViewController.swift in Sources */ = {isa = PBXBuildFile; fileRef = 16E207DF1AC3BD6200FB77ED /* ViewController.swift */; };
		16E207E61AC3BD7A00FB77ED /* LaunchScreen.xib in Resources */ = {isa = PBXBuildFile; fileRef = 16E207E51AC3BD7A00FB77ED /* LaunchScreen.xib */; };
		16E207E81AC3BD8500FB77ED /* Main.storyboard in Resources */ = {isa = PBXBuildFile; fileRef = 16E207E71AC3BD8500FB77ED /* Main.storyboard */; };
/* End PBXBuildFile section */

/* Begin PBXContainerItemProxy section */
		16E207CB1AC3BD3400FB77ED /* PBXContainerItemProxy */ = {
			isa = PBXContainerItemProxy;
			containerPortal = 16E207AD1AC3BD3400FB77ED /* Project object */;
			proxyType = 1;
			remoteGlobalIDString = 16E207B41AC3BD3400FB77ED;
			remoteInfo = "Tip Calculator CodePath";
		};
/* End PBXContainerItemProxy section */

/* Begin PBXFileReference section */
		16E207B51AC3BD3400FB77ED /* Tip Calculator CodePath.app */ = {isa = PBXFileReference; explicitFileType = wrapper.application; includeInIndex = 0; path = "Tip Calculator CodePath.app"; sourceTree = BUILT_PRODUCTS_DIR; };
		16E207B91AC3BD3400FB77ED /* Info.plist */ = {isa = PBXFileReference; lastKnownFileType = text.plist.xml; path = Info.plist; sourceTree = "<group>"; };
		16E207C11AC3BD3400FB77ED /* Images.xcassets */ = {isa = PBXFileReference; lastKnownFileType = folder.assetcatalog; path = Images.xcassets; sourceTree = "<group>"; };
		16E207CA1AC3BD3400FB77ED /* Tip Calculator CodePathTests.xctest */ = {isa = PBXFileReference; explicitFileType = wrapper.cfbundle; includeInIndex = 0; path = "Tip Calculator CodePathTests.xctest"; sourceTree = BUILT_PRODUCTS_DIR; };
		16E207CF1AC3BD3400FB77ED /* Info.plist */ = {isa = PBXFileReference; lastKnownFileType = text.plist.xml; path = Info.plist; sourceTree = "<group>"; };
		16E207D01AC3BD3400FB77ED /* Tip_Calculator_CodePathTests.swift */ = {isa = PBXFileReference; lastKnownFileType = sourcecode.swift; path = Tip_Calculator_CodePathTests.swift; sourceTree = "<group>"; };
		16E207DA1AC3BD6200FB77ED /* Tip Calculator CodePath-Bridging-Header.h */ = {isa = PBXFileReference; lastKnownFileType = sourcecode.c.h; path = "Tip Calculator CodePath-Bridging-Header.h"; sourceTree = "<group>"; };
		16E207DB1AC3BD6200FB77ED /* AppDelegate.swift */ = {isa = PBXFileReference; fileEncoding = 4; lastKnownFileType = sourcecode.swift; path = AppDelegate.swift; sourceTree = "<group>"; };
		16E207DC1AC3BD6200FB77ED /* CustomSegue.swift */ = {isa = PBXFileReference; fileEncoding = 4; lastKnownFileType = sourcecode.swift; path = CustomSegue.swift; sourceTree = "<group>"; };
		16E207DD1AC3BD6200FB77ED /* ResultViewController.swift */ = {isa = PBXFileReference; fileEncoding = 4; lastKnownFileType = sourcecode.swift; path = ResultViewController.swift; sourceTree = "<group>"; };
		16E207DE1AC3BD6200FB77ED /* SettingsViewController.swift */ = {isa = PBXFileReference; fileEncoding = 4; lastKnownFileType = sourcecode.swift; path = SettingsViewController.swift; sourceTree = "<group>"; };
		16E207DF1AC3BD6200FB77ED /* ViewController.swift */ = {isa = PBXFileReference; fileEncoding = 4; lastKnownFileType = sourcecode.swift; path = ViewController.swift; sourceTree = "<group>"; };
		16E207E51AC3BD7A00FB77ED /* LaunchScreen.xib */ = {isa = PBXFileReference; fileEncoding = 4; lastKnownFileType = file.xib; path = LaunchScreen.xib; sourceTree = "<group>"; };
		16E207E71AC3BD8500FB77ED /* Main.storyboard */ = {isa = PBXFileReference; fileEncoding = 4; lastKnownFileType = file.storyboard; path = Main.storyboard; sourceTree = "<group>"; };
/* End PBXFileReference section */

/* Begin PBXFrameworksBuildPhase section */
		16E207B21AC3BD3400FB77ED /* Frameworks */ = {
			isa = PBXFrameworksBuildPhase;
			buildActionMask = 2147483647;
			files = (
			);
			runOnlyForDeploymentPostprocessing = 0;
		};
		16E207C71AC3BD3400FB77ED /* Frameworks */ = {
			isa = PBXFrameworksBuildPhase;
			buildActionMask = 2147483647;
			files = (
			);
			runOnlyForDeploymentPostprocessing = 0;
		};
/* End PBXFrameworksBuildPhase section */

/* Begin PBXGroup section */
		16E207AC1AC3BD3400FB77ED = {
			isa = PBXGroup;
			children = (
				16E207B71AC3BD3400FB77ED /* Tip Calculator CodePath */,
				16E207CD1AC3BD3400FB77ED /* Tip Calculator CodePathTests */,
				16E207B61AC3BD3400FB77ED /* Products */,
			);
			sourceTree = "<group>";
		};
		16E207B61AC3BD3400FB77ED /* Products */ = {
			isa = PBXGroup;
			children = (
				16E207B51AC3BD3400FB77ED /* Tip Calculator CodePath.app */,
				16E207CA1AC3BD3400FB77ED /* Tip Calculator CodePathTests.xctest */,
			);
			name = Products;
			sourceTree = "<group>";
		};
		16E207B71AC3BD3400FB77ED /* Tip Calculator CodePath */ = {
			isa = PBXGroup;
			children = (
				16E207DB1AC3BD6200FB77ED /* AppDelegate.swift */,
				16E207DF1AC3BD6200FB77ED /* ViewController.swift */,
				16E207DE1AC3BD6200FB77ED /* SettingsViewController.swift */,
				16E207DD1AC3BD6200FB77ED /* ResultViewController.swift */,
				16E207DC1AC3BD6200FB77ED /* CustomSegue.swift */,
				16E207C11AC3BD3400FB77ED /* Images.xcassets */,
				16E207E71AC3BD8500FB77ED /* Main.storyboard */,
				16E207E51AC3BD7A00FB77ED /* LaunchScreen.xib */,
				16E207B81AC3BD3400FB77ED /* Supporting Files */,
				16E207DA1AC3BD6200FB77ED /* Tip Calculator CodePath-Bridging-Header.h */,
			);
			path = "Tip Calculator CodePath";
			sourceTree = "<group>";
		};
		16E207B81AC3BD3400FB77ED /* Supporting Files */ = {
			isa = PBXGroup;
			children = (
				16E207B91AC3BD3400FB77ED /* Info.plist */,
			);
			name = "Supporting Files";
			sourceTree = "<group>";
		};
		16E207CD1AC3BD3400FB77ED /* Tip Calculator CodePathTests */ = {
			isa = PBXGroup;
			children = (
				16E207D01AC3BD3400FB77ED /* Tip_Calculator_CodePathTests.swift */,
				16E207CE1AC3BD3400FB77ED /* Supporting Files */,
			);
			path = "Tip Calculator CodePathTests";
			sourceTree = "<group>";
		};
		16E207CE1AC3BD3400FB77ED /* Supporting Files */ = {
			isa = PBXGroup;
			children = (
				16E207CF1AC3BD3400FB77ED /* Info.plist */,
			);
			name = "Supporting Files";
			sourceTree = "<group>";
		};
/* End PBXGroup section */

/* Begin PBXNativeTarget section */
		16E207B41AC3BD3400FB77ED /* Tip Calculator CodePath */ = {
			isa = PBXNativeTarget;
			buildConfigurationList = 16E207D41AC3BD3400FB77ED /* Build configuration list for PBXNativeTarget "Tip Calculator CodePath" */;
			buildPhases = (
				16E207B11AC3BD3400FB77ED /* Sources */,
				16E207B21AC3BD3400FB77ED /* Frameworks */,
				16E207B31AC3BD3400FB77ED /* Resources */,
			);
			buildRules = (
			);
			dependencies = (
			);
			name = "Tip Calculator CodePath";
			productName = "Tip Calculator CodePath";
			productReference = 16E207B51AC3BD3400FB77ED /* Tip Calculator CodePath.app */;
			productType = "com.apple.product-type.application";
		};
		16E207C91AC3BD3400FB77ED /* Tip Calculator CodePathTests */ = {
			isa = PBXNativeTarget;
			buildConfigurationList = 16E207D71AC3BD3400FB77ED /* Build configuration list for PBXNativeTarget "Tip Calculator CodePathTests" */;
			buildPhases = (
				16E207C61AC3BD3400FB77ED /* Sources */,
				16E207C71AC3BD3400FB77ED /* Frameworks */,
				16E207C81AC3BD3400FB77ED /* Resources */,
			);
			buildRules = (
			);
			dependencies = (
				16E207CC1AC3BD3400FB77ED /* PBXTargetDependency */,
			);
			name = "Tip Calculator CodePathTests";
			productName = "Tip Calculator CodePathTests";
			productReference = 16E207CA1AC3BD3400FB77ED /* Tip Calculator CodePathTests.xctest */;
			productType = "com.apple.product-type.bundle.unit-test";
		};
/* End PBXNativeTarget section */

/* Begin PBXProject section */
		16E207AD1AC3BD3400FB77ED /* Project object */ = {
			isa = PBXProject;
			attributes = {
				LastUpgradeCheck = 0620;
				ORGANIZATIONNAME = "___TwisterLabs___";
				TargetAttributes = {
					16E207B41AC3BD3400FB77ED = {
						CreatedOnToolsVersion = 6.2;
					};
					16E207C91AC3BD3400FB77ED = {
						CreatedOnToolsVersion = 6.2;
						TestTargetID = 16E207B41AC3BD3400FB77ED;
					};
				};
			};
			buildConfigurationList = 16E207B01AC3BD3400FB77ED /* Build configuration list for PBXProject "Tip Calculator CodePath" */;
			compatibilityVersion = "Xcode 3.2";
			developmentRegion = English;
			hasScannedForEncodings = 0;
			knownRegions = (
				en,
				Base,
			);
			mainGroup = 16E207AC1AC3BD3400FB77ED;
			productRefGroup = 16E207B61AC3BD3400FB77ED /* Products */;
			projectDirPath = "";
			projectRoot = "";
			targets = (
				16E207B41AC3BD3400FB77ED /* Tip Calculator CodePath */,
				16E207C91AC3BD3400FB77ED /* Tip Calculator CodePathTests */,
			);
		};
/* End PBXProject section */

/* Begin PBXResourcesBuildPhase section */
		16E207B31AC3BD3400FB77ED /* Resources */ = {
			isa = PBXResourcesBuildPhase;
			buildActionMask = 2147483647;
			files = (
				16E207E81AC3BD8500FB77ED /* Main.storyboard in Resources */,
				16E207E61AC3BD7A00FB77ED /* LaunchScreen.xib in Resources */,
				16E207C21AC3BD3400FB77ED /* Images.xcassets in Resources */,
			);
			runOnlyForDeploymentPostprocessing = 0;
		};
		16E207C81AC3BD3400FB77ED /* Resources */ = {
			isa = PBXResourcesBuildPhase;
			buildActionMask = 2147483647;
			files = (
			);
			runOnlyForDeploymentPostprocessing = 0;
		};
/* End PBXResourcesBuildPhase section */

/* Begin PBXSourcesBuildPhase section */
		16E207B11AC3BD3400FB77ED /* Sources */ = {
			isa = PBXSourcesBuildPhase;
			buildActionMask = 2147483647;
			files = (
				16E207E41AC3BD6200FB77ED /* ViewController.swift in Sources */,
				16E207E11AC3BD6200FB77ED /* CustomSegue.swift in Sources */,
				16E207E01AC3BD6200FB77ED /* AppDelegate.swift in Sources */,
				16E207E21AC3BD6200FB77ED /* ResultViewController.swift in Sources */,
				16E207E31AC3BD6200FB77ED /* SettingsViewController.swift in Sources */,
			);
			runOnlyForDeploymentPostprocessing = 0;
		};
		16E207C61AC3BD3400FB77ED /* Sources */ = {
			isa = PBXSourcesBuildPhase;
			buildActionMask = 2147483647;
			files = (
				16E207D11AC3BD3400FB77ED /* Tip_Calculator_CodePathTests.swift in Sources */,
			);
			runOnlyForDeploymentPostprocessing = 0;
		};
/* End PBXSourcesBuildPhase section */

/* Begin PBXTargetDependency section */
		16E207CC1AC3BD3400FB77ED /* PBXTargetDependency */ = {
			isa = PBXTargetDependency;
			target = 16E207B41AC3BD3400FB77ED /* Tip Calculator CodePath */;
			targetProxy = 16E207CB1AC3BD3400FB77ED /* PBXContainerItemProxy */;
		};
/* End PBXTargetDependency section */

/* Begin XCBuildConfiguration section */
		16E207D21AC3BD3400FB77ED /* Debug */ = {
			isa = XCBuildConfiguration;
			buildSettings = {
				ALWAYS_SEARCH_USER_PATHS = NO;
				CLANG_CXX_LANGUAGE_STANDARD = "gnu++0x";
				CLANG_CXX_LIBRARY = "libc++";
				CLANG_ENABLE_MODULES = YES;
				CLANG_ENABLE_OBJC_ARC = YES;
				CLANG_WARN_BOOL_CONVERSION = YES;
				CLANG_WARN_CONSTANT_CONVERSION = YES;
				CLANG_WARN_DIRECT_OBJC_ISA_USAGE = YES_ERROR;
				CLANG_WARN_EMPTY_BODY = YES;
				CLANG_WARN_ENUM_CONVERSION = YES;
				CLANG_WARN_INT_CONVERSION = YES;
				CLANG_WARN_OBJC_ROOT_CLASS = YES_ERROR;
				CLANG_WARN_UNREACHABLE_CODE = YES;
				CLANG_WARN__DUPLICATE_METHOD_MATCH = YES;
				"CODE_SIGN_IDENTITY[sdk=iphoneos*]" = "iPhone Developer";
				COPY_PHASE_STRIP = NO;
				ENABLE_STRICT_OBJC_MSGSEND = YES;
				GCC_C_LANGUAGE_STANDARD = gnu99;
				GCC_DYNAMIC_NO_PIC = NO;
				GCC_OPTIMIZATION_LEVEL = 0;
				GCC_PREPROCESSOR_DEFINITIONS = (
					"DEBUG=1",
					"$(inherited)",
				);
				GCC_SYMBOLS_PRIVATE_EXTERN = NO;
				GCC_WARN_64_TO_32_BIT_CONVERSION = YES;
				GCC_WARN_ABOUT_RETURN_TYPE = YES_ERROR;
				GCC_WARN_UNDECLARED_SELECTOR = YES;
				GCC_WARN_UNINITIALIZED_AUTOS = YES_AGGRESSIVE;
				GCC_WARN_UNUSED_FUNCTION = YES;
				GCC_WARN_UNUSED_VARIABLE = YES;
				IPHONEOS_DEPLOYMENT_TARGET = 8.2;
				MTL_ENABLE_DEBUG_INFO = YES;
				ONLY_ACTIVE_ARCH = YES;
				SDKROOT = iphoneos;
				SWIFT_OPTIMIZATION_LEVEL = "-Onone";
			};
			name = Debug;
		};
		16E207D31AC3BD3400FB77ED /* Release */ = {
			isa = XCBuildConfiguration;
			buildSettings = {
				ALWAYS_SEARCH_USER_PATHS = NO;
				CLANG_CXX_LANGUAGE_STANDARD = "gnu++0x";
				CLANG_CXX_LIBRARY = "libc++";
				CLANG_ENABLE_MODULES = YES;
				CLANG_ENABLE_OBJC_ARC = YES;
				CLANG_WARN_BOOL_CONVERSION = YES;
				CLANG_WARN_CONSTANT_CONVERSION = YES;
				CLANG_WARN_DIRECT_OBJC_ISA_USAGE = YES_ERROR;
				CLANG_WARN_EMPTY_BODY = YES;
				CLANG_WARN_ENUM_CONVERSION = YES;
				CLANG_WARN_INT_CONVERSION = YES;
				CLANG_WARN_OBJC_ROOT_CLASS = YES_ERROR;
				CLANG_WARN_UNREACHABLE_CODE = YES;
				CLANG_WARN__DUPLICATE_METHOD_MATCH = YES;
				"CODE_SIGN_IDENTITY[sdk=iphoneos*]" = "iPhone Developer";
				COPY_PHASE_STRIP = NO;
				ENABLE_NS_ASSERTIONS = NO;
				ENABLE_STRICT_OBJC_MSGSEND = YES;
				GCC_C_LANGUAGE_STANDARD = gnu99;
				GCC_WARN_64_TO_32_BIT_CONVERSION = YES;
				GCC_WARN_ABOUT_RETURN_TYPE = YES_ERROR;
				GCC_WARN_UNDECLARED_SELECTOR = YES;
				GCC_WARN_UNINITIALIZED_AUTOS = YES_AGGRESSIVE;
				GCC_WARN_UNUSED_FUNCTION = YES;
				GCC_WARN_UNUSED_VARIABLE = YES;
				IPHONEOS_DEPLOYMENT_TARGET = 8.2;
				MTL_ENABLE_DEBUG_INFO = NO;
				SDKROOT = iphoneos;
				VALIDATE_PRODUCT = YES;
			};
			name = Release;
		};
		16E207D51AC3BD3400FB77ED /* Debug */ = {
			isa = XCBuildConfiguration;
			buildSettings = {
				ASSETCATALOG_COMPILER_APPICON_NAME = AppIcon;
				CLANG_ENABLE_MODULES = YES;
				INFOPLIST_FILE = "Tip Calculator CodePath/Info.plist";
				LD_RUNPATH_SEARCH_PATHS = "$(inherited) @executable_path/Frameworks";
				PRODUCT_NAME = "$(TARGET_NAME)";
				SWIFT_OBJC_BRIDGING_HEADER = "Tip Calculator CodePath/Tip Calculator CodePath-Bridging-Header.h";
				SWIFT_OPTIMIZATION_LEVEL = "-Onone";
			};
			name = Debug;
		};
		16E207D61AC3BD3400FB77ED /* Release */ = {
			isa = XCBuildConfiguration;
			buildSettings = {
				ASSETCATALOG_COMPILER_APPICON_NAME = AppIcon;
				CLANG_ENABLE_MODULES = YES;
				INFOPLIST_FILE = "Tip Calculator CodePath/Info.plist";
				LD_RUNPATH_SEARCH_PATHS = "$(inherited) @executable_path/Frameworks";
				PRODUCT_NAME = "$(TARGET_NAME)";
				SWIFT_OBJC_BRIDGING_HEADER = "Tip Calculator CodePath/Tip Calculator CodePath-Bridging-Header.h";
			};
			name = Release;
		};
		16E207D81AC3BD3400FB77ED /* Debug */ = {
			isa = XCBuildConfiguration;
			buildSettings = {
				BUNDLE_LOADER = "$(TEST_HOST)";
				FRAMEWORK_SEARCH_PATHS = (
					"$(SDKROOT)/Developer/Library/Frameworks",
					"$(inherited)",
				);
				GCC_PREPROCESSOR_DEFINITIONS = (
					"DEBUG=1",
					"$(inherited)",
				);
				INFOPLIST_FILE = "Tip Calculator CodePathTests/Info.plist";
				LD_RUNPATH_SEARCH_PATHS = "$(inherited) @executable_path/Frameworks @loader_path/Frameworks";
				PRODUCT_NAME = "$(TARGET_NAME)";
				TEST_HOST = "$(BUILT_PRODUCTS_DIR)/Tip Calculator CodePath.app/Tip Calculator CodePath";
			};
			name = Debug;
		};
		16E207D91AC3BD3400FB77ED /* Release */ = {
			isa = XCBuildConfiguration;
			buildSettings = {
				BUNDLE_LOADER = "$(TEST_HOST)";
				FRAMEWORK_SEARCH_PATHS = (
					"$(SDKROOT)/Developer/Library/Frameworks",
					"$(inherited)",
				);
				INFOPLIST_FILE = "Tip Calculator CodePathTests/Info.plist";
				LD_RUNPATH_SEARCH_PATHS = "$(inherited) @executable_path/Frameworks @loader_path/Frameworks";
				PRODUCT_NAME = "$(TARGET_NAME)";
				TEST_HOST = "$(BUILT_PRODUCTS_DIR)/Tip Calculator CodePath.app/Tip Calculator CodePath";
			};
			name = Release;
		};
/* End XCBuildConfiguration section */

/* Begin XCConfigurationList section */
		16E207B01AC3BD3400FB77ED /* Build configuration list for PBXProject "Tip Calculator CodePath" */ = {
			isa = XCConfigurationList;
			buildConfigurations = (
				16E207D21AC3BD3400FB77ED /* Debug */,
				16E207D31AC3BD3400FB77ED /* Release */,
			);
			defaultConfigurationIsVisible = 0;
			defaultConfigurationName = Release;
		};
		16E207D41AC3BD3400FB77ED /* Build configuration list for PBXNativeTarget "Tip Calculator CodePath" */ = {
			isa = XCConfigurationList;
			buildConfigurations = (
				16E207D51AC3BD3400FB77ED /* Debug */,
				16E207D61AC3BD3400FB77ED /* Release */,
			);
			defaultConfigurationIsVisible = 0;
		};
		16E207D71AC3BD3400FB77ED /* Build configuration list for PBXNativeTarget "Tip Calculator CodePathTests" */ = {
			isa = XCConfigurationList;
			buildConfigurations = (
				16E207D81AC3BD3400FB77ED /* Debug */,
				16E207D91AC3BD3400FB77ED /* Release */,
			);
			defaultConfigurationIsVisible = 0;
		};
/* End XCConfigurationList section */
	};
	rootObject = 16E207AD1AC3BD3400FB77ED /* Project object */;
}
